
Microsoft Visual Studio Solution File, Format Version 12.00
# Visual Studio 14
VisualStudioVersion = 14.0.25420.1
MinimumVisualStudioVersion = 10.0.40219.1
Project("{FAE04EC0-301F-11D3-BF4B-00C04F79EFBC}") = "SBMethod", "MySBMethod\SBMethod.csproj", "{D013B387-A25F-4B3C-B72A-2451DAC67018}"
EndProject
Project("{FAE04EC0-301F-11D3-BF4B-00C04F79EFBC}") = "SBMethodUnitTest", "SBMethodUnitTest\SBMethodUnitTest.csproj", "{47DBCD19-79CC-40A0-BD2B-BB2363EB9846}"
EndProject
Global
	GlobalSection(SolutionConfigurationPlatforms) = preSolution
		Debug|Any CPU = Debug|Any CPU
		Release|Any CPU = Release|Any CPU
	EndGlobalSection
	GlobalSection(ProjectConfigurationPlatforms) = postSolution
		{D013B387-A25F-4B3C-B72A-2451DAC67018}.Debug|Any CPU.ActiveCfg = Debug|Any CPU
		{D013B387-A25F-4B3C-B72A-2451DAC67018}.Debug|Any CPU.Build.0 = Debug|Any CPU
		{D013B387-A25F-4B3C-B72A-2451DAC67018}.Release|Any CPU.ActiveCfg = Release|Any CPU
		{D013B387-A25F-4B3C-B72A-2451DAC67018}.Release|Any CPU.Build.0 = Release|Any CPU
		{47DBCD19-79CC-40A0-BD2B-BB2363EB9846}.Debug|Any CPU.ActiveCfg = Debug|Any CPU
		{47DBCD19-79CC-40A0-BD2B-BB2363EB9846}.Debug|Any CPU.Build.0 = Debug|Any CPU
		{47DBCD19-79CC-40A0-BD2B-BB2363EB9846}.Release|Any CPU.ActiveCfg = Release|Any CPU
		{47DBCD19-79CC-40A0-BD2B-BB2363EB9846}.Release|Any CPU.Build.0 = Release|Any CPU
	EndGlobalSection
	GlobalSection(SolutionProperties) = preSolution
		HideSolutionNode = FALSE
	EndGlobalSection
EndGlobal
